
Microsoft Visual Studio Solution File, Format Version 10.00
# Visual C# Express 2008
Project("{FAE04EC0-301F-11D3-BF4B-00C04F79EFBC}") = "sudoky1001solution", "sudoky1001solution\sudoky1001solution.csproj", "{882F8EB8-7E38-4C6B-B874-B43EEC24EA8D}"
EndProject
Global
	GlobalSection(SolutionConfigurationPlatforms) = preSolution
		Debug|Any CPU = Debug|Any CPU
		Release|Any CPU = Release|Any CPU
	EndGlobalSection
	GlobalSection(ProjectConfigurationPlatforms) = postSolution
		{882F8EB8-7E38-4C6B-B874-B43EEC24EA8D}.Debug|Any CPU.ActiveCfg = Debug|Any CPU
		{882F8EB8-7E38-4C6B-B874-B43EEC24EA8D}.Debug|Any CPU.Build.0 = Debug|Any CPU
		{882F8EB8-7E38-4C6B-B874-B43EEC24EA8D}.Release|Any CPU.ActiveCfg = Release|Any CPU
		{882F8EB8-7E38-4C6B-B874-B43EEC24EA8D}.Release|Any CPU.Build.0 = Release|Any CPU
	EndGlobalSection
	GlobalSection(SolutionProperties) = preSolution
		HideSolutionNode = FALSE
	EndGlobalSection
EndGlobal
