
Microsoft Visual Studio Solution File, Format Version 12.00
# Visual Studio 2012
Project("{FAE04EC0-301F-11D3-BF4B-00C04F79EFBC}") = "7Tetris", "7Tetris\7Tetris.csproj", "{989DE0BF-0178-4A65-90E7-68657405ACCE}"
EndProject
Global
	GlobalSection(SolutionConfigurationPlatforms) = preSolution
		Debug|Any CPU = Debug|Any CPU
		Release|Any CPU = Release|Any CPU
	EndGlobalSection
	GlobalSection(ProjectConfigurationPlatforms) = postSolution
		{989DE0BF-0178-4A65-90E7-68657405ACCE}.Debug|Any CPU.ActiveCfg = Debug|Any CPU
		{989DE0BF-0178-4A65-90E7-68657405ACCE}.Debug|Any CPU.Build.0 = Debug|Any CPU
		{989DE0BF-0178-4A65-90E7-68657405ACCE}.Release|Any CPU.ActiveCfg = Release|Any CPU
		{989DE0BF-0178-4A65-90E7-68657405ACCE}.Release|Any CPU.Build.0 = Release|Any CPU
	EndGlobalSection
	GlobalSection(SolutionProperties) = preSolution
		HideSolutionNode = FALSE
	EndGlobalSection
EndGlobal
