
Microsoft Visual Studio Solution File, Format Version 12.00
# Visual Studio 2012
Project("{FAE04EC0-301F-11D3-BF4B-00C04F79EFBC}") = "MindPuzzle", "MindPuzzle.csproj", "{0278B17C-13AF-4D53-811A-71C3848658B8}"
EndProject
Global
	GlobalSection(SolutionConfigurationPlatforms) = preSolution
		Debug|Any CPU = Debug|Any CPU
		Release|Any CPU = Release|Any CPU
	EndGlobalSection
	GlobalSection(ProjectConfigurationPlatforms) = postSolution
		{0278B17C-13AF-4D53-811A-71C3848658B8}.Debug|Any CPU.ActiveCfg = Debug|Any CPU
		{0278B17C-13AF-4D53-811A-71C3848658B8}.Debug|Any CPU.Build.0 = Debug|Any CPU
		{0278B17C-13AF-4D53-811A-71C3848658B8}.Release|Any CPU.ActiveCfg = Release|Any CPU
		{0278B17C-13AF-4D53-811A-71C3848658B8}.Release|Any CPU.Build.0 = Release|Any CPU
	EndGlobalSection
	GlobalSection(SolutionProperties) = preSolution
		HideSolutionNode = FALSE
	EndGlobalSection
EndGlobal
